
Microsoft Visual Studio Solution File, Format Version 12.00
# Visual Studio 15
VisualStudioVersion = 15.0.27004.2002
MinimumVisualStudioVersion = 10.0.40219.1
Project("{FAE04EC0-301F-11D3-BF4B-00C04F79EFBC}") = "OSGB36", "OSGB36\OSGB36.csproj", "{28C2776E-B1CB-4056-822D-A1BB908BC5F8}"
EndProject
Project("{FAE04EC0-301F-11D3-BF4B-00C04F79EFBC}") = "OSGB36Tests", "OSGB36Tests\OSGB36Tests.csproj", "{8EC9E3F5-F501-4A3C-ADDF-399EA5204F37}"
EndProject
Global
	GlobalSection(SolutionConfigurationPlatforms) = preSolution
		Debug|Any CPU = Debug|Any CPU
		Release|Any CPU = Release|Any CPU
	EndGlobalSection
	GlobalSection(ProjectConfigurationPlatforms) = postSolution
		{28C2776E-B1CB-4056-822D-A1BB908BC5F8}.Debug|Any CPU.ActiveCfg = Debug|Any CPU
		{28C2776E-B1CB-4056-822D-A1BB908BC5F8}.Debug|Any CPU.Build.0 = Debug|Any CPU
		{28C2776E-B1CB-4056-822D-A1BB908BC5F8}.Release|Any CPU.ActiveCfg = Release|Any CPU
		{28C2776E-B1CB-4056-822D-A1BB908BC5F8}.Release|Any CPU.Build.0 = Release|Any CPU
		{8EC9E3F5-F501-4A3C-ADDF-399EA5204F37}.Debug|Any CPU.ActiveCfg = Debug|Any CPU
		{8EC9E3F5-F501-4A3C-ADDF-399EA5204F37}.Debug|Any CPU.Build.0 = Debug|Any CPU
		{8EC9E3F5-F501-4A3C-ADDF-399EA5204F37}.Release|Any CPU.ActiveCfg = Release|Any CPU
		{8EC9E3F5-F501-4A3C-ADDF-399EA5204F37}.Release|Any CPU.Build.0 = Release|Any CPU
	EndGlobalSection
	GlobalSection(SolutionProperties) = preSolution
		HideSolutionNode = FALSE
	EndGlobalSection
	GlobalSection(ExtensibilityGlobals) = postSolution
		SolutionGuid = {1B8914ED-0CD1-449D-BFDF-015B1B4B30D4}
	EndGlobalSection
EndGlobal
